{
    "_meta": {
        "hash": {
            "sha256": "e0678c8ccf16eec6c3d40229974ec5c2ba7890bc742cb576ab84566054fe10cd"
        },
        "pipfile-spec": 6,
        "requires": {
            "python_version": "3.7"
        },
        "sources": [
            {
                "name": "pypi",
                "url": "https://pypi.douban.com/simple",
                "verify_ssl": true
            }
        ]
    },
    "default": {},
    "develop": {}
}
